// !$*UTF8*$!
{
	archiveVersion = 1;
	classes = {
	};
	objectVersion = 50;
	objects = {

/* Begin PBXBuildFile section */
		4013116B248574EA0045F6E0 /* AppDelegate.swift in Sources */ = {isa = PBXBuildFile; fileRef = 4013116A248574EA0045F6E0 /* AppDelegate.swift */; };
		4013116D248574EA0045F6E0 /* SceneDelegate.swift in Sources */ = {isa = PBXBuildFile; fileRef = 4013116C248574EA0045F6E0 /* SceneDelegate.swift */; };
		4013116F248574EA0045F6E0 /* ViewController.swift in Sources */ = {isa = PBXBuildFile; fileRef = 4013116E248574EA0045F6E0 /* ViewController.swift */; };
		40131172248574EA0045F6E0 /* Main.storyboard in Resources */ = {isa = PBXBuildFile; fileRef = 40131170248574EA0045F6E0 /* Main.storyboard */; };
		40131174248574EB0045F6E0 /* Assets.xcassets in Resources */ = {isa = PBXBuildFile; fileRef = 40131173248574EB0045F6E0 /* Assets.xcassets */; };
		40131177248574EB0045F6E0 /* LaunchScreen.storyboard in Resources */ = {isa = PBXBuildFile; fileRef = 40131175248574EB0045F6E0 /* LaunchScreen.storyboard */; };
		401311892485DFB70045F6E0 /* User.swift in Sources */ = {isa = PBXBuildFile; fileRef = 401311882485DFB70045F6E0 /* User.swift */; };
		4013118B2485E0240045F6E0 /* K.swift in Sources */ = {isa = PBXBuildFile; fileRef = 4013118A2485E0240045F6E0 /* K.swift */; };
		401311902485E2D20045F6E0 /* Couchbase.swift in Sources */ = {isa = PBXBuildFile; fileRef = 4013118F2485E2D20045F6E0 /* Couchbase.swift */; };
		401311932485FAF00045F6E0 /* ContactCell.swift in Sources */ = {isa = PBXBuildFile; fileRef = 401311912485FAF00045F6E0 /* ContactCell.swift */; };
		401311942485FAF00045F6E0 /* ContactCell.xib in Resources */ = {isa = PBXBuildFile; fileRef = 401311922485FAF00045F6E0 /* ContactCell.xib */; };
		4091A50625A3C8BA0060F5AC /* CouchbaseLiteSwift.framework in Frameworks */ = {isa = PBXBuildFile; fileRef = 4091A50425A3C8910060F5AC /* CouchbaseLiteSwift.framework */; };
		4091A50725A3C8BA0060F5AC /* CouchbaseLiteSwift.framework in Embed Frameworks */ = {isa = PBXBuildFile; fileRef = 4091A50425A3C8910060F5AC /* CouchbaseLiteSwift.framework */; settings = {ATTRIBUTES = (CodeSignOnCopy, RemoveHeadersOnCopy, ); }; };
/* End PBXBuildFile section */

/* Begin PBXCopyFilesBuildPhase section */
		4013119924861A610045F6E0 /* Embed Frameworks */ = {
			isa = PBXCopyFilesBuildPhase;
			buildActionMask = 2147483647;
			dstPath = "";
			dstSubfolderSpec = 10;
			files = (
				4091A50725A3C8BA0060F5AC /* CouchbaseLiteSwift.framework in Embed Frameworks */,
			);
			name = "Embed Frameworks";
			runOnlyForDeploymentPostprocessing = 0;
		};
/* End PBXCopyFilesBuildPhase section */

/* Begin PBXFileReference section */
		40131167248574EA0045F6E0 /* CBLiteDemo.app */ = {isa = PBXFileReference; explicitFileType = wrapper.application; includeInIndex = 0; path = CBLiteDemo.app; sourceTree = BUILT_PRODUCTS_DIR; };
		4013116A248574EA0045F6E0 /* AppDelegate.swift */ = {isa = PBXFileReference; lastKnownFileType = sourcecode.swift; path = AppDelegate.swift; sourceTree = "<group>"; };
		4013116C248574EA0045F6E0 /* SceneDelegate.swift */ = {isa = PBXFileReference; lastKnownFileType = sourcecode.swift; path = SceneDelegate.swift; sourceTree = "<group>"; };
		4013116E248574EA0045F6E0 /* ViewController.swift */ = {isa = PBXFileReference; lastKnownFileType = sourcecode.swift; path = ViewController.swift; sourceTree = "<group>"; };
		40131171248574EA0045F6E0 /* Base */ = {isa = PBXFileReference; lastKnownFileType = file.storyboard; name = Base; path = Base.lproj/Main.storyboard; sourceTree = "<group>"; };
		40131173248574EB0045F6E0 /* Assets.xcassets */ = {isa = PBXFileReference; lastKnownFileType = folder.assetcatalog; path = Assets.xcassets; sourceTree = "<group>"; };
		40131176248574EB0045F6E0 /* Base */ = {isa = PBXFileReference; lastKnownFileType = file.storyboard; name = Base; path = Base.lproj/LaunchScreen.storyboard; sourceTree = "<group>"; };
		40131178248574EB0045F6E0 /* Info.plist */ = {isa = PBXFileReference; lastKnownFileType = text.plist.xml; path = Info.plist; sourceTree = "<group>"; };
		401311882485DFB70045F6E0 /* User.swift */ = {isa = PBXFileReference; lastKnownFileType = sourcecode.swift; path = User.swift; sourceTree = "<group>"; };
		4013118A2485E0240045F6E0 /* K.swift */ = {isa = PBXFileReference; lastKnownFileType = sourcecode.swift; path = K.swift; sourceTree = "<group>"; };
		4013118F2485E2D20045F6E0 /* Couchbase.swift */ = {isa = PBXFileReference; lastKnownFileType = sourcecode.swift; path = Couchbase.swift; sourceTree = "<group>"; };
		401311912485FAF00045F6E0 /* ContactCell.swift */ = {isa = PBXFileReference; lastKnownFileType = sourcecode.swift; path = ContactCell.swift; sourceTree = "<group>"; };
		401311922485FAF00045F6E0 /* ContactCell.xib */ = {isa = PBXFileReference; lastKnownFileType = file.xib; path = ContactCell.xib; sourceTree = "<group>"; };
		4091A50425A3C8910060F5AC /* CouchbaseLiteSwift.framework */ = {isa = PBXFileReference; lastKnownFileType = wrapper.framework; path = CouchbaseLiteSwift.framework; sourceTree = "<group>"; };
		8F5ED089492A2C5E44063DD6 /* Pods-CouchbaseMobile01.release.xcconfig */ = {isa = PBXFileReference; includeInIndex = 1; lastKnownFileType = text.xcconfig; name = "Pods-CouchbaseMobile01.release.xcconfig"; path = "Target Support Files/Pods-CouchbaseMobile01/Pods-CouchbaseMobile01.release.xcconfig"; sourceTree = "<group>"; };
		DB2247573468B4D20DF5AB42 /* Pods-CouchbaseMobile01.debug.xcconfig */ = {isa = PBXFileReference; includeInIndex = 1; lastKnownFileType = text.xcconfig; name = "Pods-CouchbaseMobile01.debug.xcconfig"; path = "Target Support Files/Pods-CouchbaseMobile01/Pods-CouchbaseMobile01.debug.xcconfig"; sourceTree = "<group>"; };
/* End PBXFileReference section */

/* Begin PBXFrameworksBuildPhase section */
		40131164248574EA0045F6E0 /* Frameworks */ = {
			isa = PBXFrameworksBuildPhase;
			buildActionMask = 2147483647;
			files = (
				4091A50625A3C8BA0060F5AC /* CouchbaseLiteSwift.framework in Frameworks */,
			);
			runOnlyForDeploymentPostprocessing = 0;
		};
/* End PBXFrameworksBuildPhase section */

/* Begin PBXGroup section */
		139826B805928503265B7890 /* Pods */ = {
			isa = PBXGroup;
			children = (
				DB2247573468B4D20DF5AB42 /* Pods-CouchbaseMobile01.debug.xcconfig */,
				8F5ED089492A2C5E44063DD6 /* Pods-CouchbaseMobile01.release.xcconfig */,
			);
			path = Pods;
			sourceTree = "<group>";
		};
		4013115E248574EA0045F6E0 = {
			isa = PBXGroup;
			children = (
				40131169248574EA0045F6E0 /* CouchbaseMobile01 */,
				40131168248574EA0045F6E0 /* Products */,
				EE1962452AEBDF8588E2DE17 /* Frameworks */,
				139826B805928503265B7890 /* Pods */,
			);
			sourceTree = "<group>";
		};
		40131168248574EA0045F6E0 /* Products */ = {
			isa = PBXGroup;
			children = (
				40131167248574EA0045F6E0 /* CBLiteDemo.app */,
			);
			name = Products;
			sourceTree = "<group>";
		};
		40131169248574EA0045F6E0 /* CouchbaseMobile01 */ = {
			isa = PBXGroup;
			children = (
				4013116A248574EA0045F6E0 /* AppDelegate.swift */,
				4013116C248574EA0045F6E0 /* SceneDelegate.swift */,
				4013118C2485E0FA0045F6E0 /* Controllers */,
				401311872485DF900045F6E0 /* Models */,
				4013117E248575960045F6E0 /* Views */,
				40131173248574EB0045F6E0 /* Assets.xcassets */,
				40131175248574EB0045F6E0 /* LaunchScreen.storyboard */,
				40131178248574EB0045F6E0 /* Info.plist */,
				4013118A2485E0240045F6E0 /* K.swift */,
			);
			path = CouchbaseMobile01;
			sourceTree = "<group>";
		};
		4013117E248575960045F6E0 /* Views */ = {
			isa = PBXGroup;
			children = (
				40131170248574EA0045F6E0 /* Main.storyboard */,
				401311912485FAF00045F6E0 /* ContactCell.swift */,
				401311922485FAF00045F6E0 /* ContactCell.xib */,
			);
			path = Views;
			sourceTree = "<group>";
		};
		401311872485DF900045F6E0 /* Models */ = {
			isa = PBXGroup;
			children = (
				401311882485DFB70045F6E0 /* User.swift */,
			);
			path = Models;
			sourceTree = "<group>";
		};
		4013118C2485E0FA0045F6E0 /* Controllers */ = {
			isa = PBXGroup;
			children = (
				4013116E248574EA0045F6E0 /* ViewController.swift */,
				4013118F2485E2D20045F6E0 /* Couchbase.swift */,
			);
			path = Controllers;
			sourceTree = "<group>";
		};
		EE1962452AEBDF8588E2DE17 /* Frameworks */ = {
			isa = PBXGroup;
			children = (
				4091A50425A3C8910060F5AC /* CouchbaseLiteSwift.framework */,
			);
			name = Frameworks;
			sourceTree = "<group>";
		};
/* End PBXGroup section */

/* Begin PBXNativeTarget section */
		40131166248574EA0045F6E0 /* CouchbaseMobile01 */ = {
			isa = PBXNativeTarget;
			buildConfigurationList = 4013117B248574EB0045F6E0 /* Build configuration list for PBXNativeTarget "CouchbaseMobile01" */;
			buildPhases = (
				C214EA861EE34C83CC0561D4 /* [CP] Check Pods Manifest.lock */,
				40131163248574EA0045F6E0 /* Sources */,
				40131164248574EA0045F6E0 /* Frameworks */,
				40131165248574EA0045F6E0 /* Resources */,
				4013119924861A610045F6E0 /* Embed Frameworks */,
			);
			buildRules = (
			);
			dependencies = (
			);
			name = CouchbaseMobile01;
			productName = CouchbaseMobile01;
			productReference = 40131167248574EA0045F6E0 /* CBLiteDemo.app */;
			productType = "com.apple.product-type.application";
		};
/* End PBXNativeTarget section */

/* Begin PBXProject section */
		4013115F248574EA0045F6E0 /* Project object */ = {
			isa = PBXProject;
			attributes = {
				LastSwiftUpdateCheck = 1130;
				LastUpgradeCheck = 1230;
				ORGANIZATIONNAME = "Daniel James";
				TargetAttributes = {
					40131166248574EA0045F6E0 = {
						CreatedOnToolsVersion = 11.3.1;
					};
				};
			};
			buildConfigurationList = 40131162248574EA0045F6E0 /* Build configuration list for PBXProject "CouchbaseMobile01" */;
			compatibilityVersion = "Xcode 9.3";
			developmentRegion = en;
			hasScannedForEncodings = 0;
			knownRegions = (
				en,
				Base,
			);
			mainGroup = 4013115E248574EA0045F6E0;
			productRefGroup = 40131168248574EA0045F6E0 /* Products */;
			projectDirPath = "";
			projectRoot = "";
			targets = (
				40131166248574EA0045F6E0 /* CouchbaseMobile01 */,
			);
		};
/* End PBXProject section */

/* Begin PBXResourcesBuildPhase section */
		40131165248574EA0045F6E0 /* Resources */ = {
			isa = PBXResourcesBuildPhase;
			buildActionMask = 2147483647;
			files = (
				401311942485FAF00045F6E0 /* ContactCell.xib in Resources */,
				40131177248574EB0045F6E0 /* LaunchScreen.storyboard in Resources */,
				40131174248574EB0045F6E0 /* Assets.xcassets in Resources */,
				40131172248574EA0045F6E0 /* Main.storyboard in Resources */,
			);
			runOnlyForDeploymentPostprocessing = 0;
		};
/* End PBXResourcesBuildPhase section */

/* Begin PBXShellScriptBuildPhase section */
		C214EA861EE34C83CC0561D4 /* [CP] Check Pods Manifest.lock */ = {
			isa = PBXShellScriptBuildPhase;
			buildActionMask = 2147483647;
			files = (
			);
			inputFileListPaths = (
			);
			inputPaths = (
				"${PODS_PODFILE_DIR_PATH}/Podfile.lock",
				"${PODS_ROOT}/Manifest.lock",
			);
			name = "[CP] Check Pods Manifest.lock";
			outputFileListPaths = (
			);
			outputPaths = (
				"$(DERIVED_FILE_DIR)/Pods-CouchbaseMobile01-checkManifestLockResult.txt",
			);
			runOnlyForDeploymentPostprocessing = 0;
			shellPath = /bin/sh;
			shellScript = "diff \"${PODS_PODFILE_DIR_PATH}/Podfile.lock\" \"${PODS_ROOT}/Manifest.lock\" > /dev/null\nif [ $? != 0 ] ; then\n    # print error to STDERR\n    echo \"error: The sandbox is not in sync with the Podfile.lock. Run 'pod install' or update your CocoaPods installation.\" >&2\n    exit 1\nfi\n# This output is used by Xcode 'outputs' to avoid re-running this script phase.\necho \"SUCCESS\" > \"${SCRIPT_OUTPUT_FILE_0}\"\n";
			showEnvVarsInLog = 0;
		};
/* End PBXShellScriptBuildPhase section */

/* Begin PBXSourcesBuildPhase section */
		40131163248574EA0045F6E0 /* Sources */ = {
			isa = PBXSourcesBuildPhase;
			buildActionMask = 2147483647;
			files = (
				401311892485DFB70045F6E0 /* User.swift in Sources */,
				4013118B2485E0240045F6E0 /* K.swift in Sources */,
				4013116F248574EA0045F6E0 /* ViewController.swift in Sources */,
				401311902485E2D20045F6E0 /* Couchbase.swift in Sources */,
				4013116B248574EA0045F6E0 /* AppDelegate.swift in Sources */,
				401311932485FAF00045F6E0 /* ContactCell.swift in Sources */,
				4013116D248574EA0045F6E0 /* SceneDelegate.swift in Sources */,
			);
			runOnlyForDeploymentPostprocessing = 0;
		};
/* End PBXSourcesBuildPhase section */

/* Begin PBXVariantGroup section */
		40131170248574EA0045F6E0 /* Main.storyboard */ = {
			isa = PBXVariantGroup;
			children = (
				40131171248574EA0045F6E0 /* Base */,
			);
			name = Main.storyboard;
			sourceTree = "<group>";
		};
		40131175248574EB0045F6E0 /* LaunchScreen.storyboard */ = {
			isa = PBXVariantGroup;
			children = (
				40131176248574EB0045F6E0 /* Base */,
			);
			name = LaunchScreen.storyboard;
			sourceTree = "<group>";
		};
/* End PBXVariantGroup section */

/* Begin XCBuildConfiguration section */
		40131179248574EB0045F6E0 /* Debug */ = {
			isa = XCBuildConfiguration;
			buildSettings = {
				ALWAYS_SEARCH_USER_PATHS = NO;
				CLANG_ANALYZER_NONNULL = YES;
				CLANG_ANALYZER_NUMBER_OBJECT_CONVERSION = YES_AGGRESSIVE;
				CLANG_CXX_LANGUAGE_STANDARD = "gnu++14";
				CLANG_CXX_LIBRARY = "libc++";
				CLANG_ENABLE_MODULES = YES;
				CLANG_ENABLE_OBJC_ARC = YES;
				CLANG_ENABLE_OBJC_WEAK = YES;
				CLANG_WARN_BLOCK_CAPTURE_AUTORELEASING = YES;
				CLANG_WARN_BOOL_CONVERSION = YES;
				CLANG_WARN_COMMA = YES;
				CLANG_WARN_CONSTANT_CONVERSION = YES;
				CLANG_WARN_DEPRECATED_OBJC_IMPLEMENTATIONS = YES;
				CLANG_WARN_DIRECT_OBJC_ISA_USAGE = YES_ERROR;
				CLANG_WARN_DOCUMENTATION_COMMENTS = YES;
				CLANG_WARN_EMPTY_BODY = YES;
				CLANG_WARN_ENUM_CONVERSION = YES;
				CLANG_WARN_INFINITE_RECURSION = YES;
				CLANG_WARN_INT_CONVERSION = YES;
				CLANG_WARN_NON_LITERAL_NULL_CONVERSION = YES;
				CLANG_WARN_OBJC_IMPLICIT_RETAIN_SELF = YES;
				CLANG_WARN_OBJC_LITERAL_CONVERSION = YES;
				CLANG_WARN_OBJC_ROOT_CLASS = YES_ERROR;
				CLANG_WARN_QUOTED_INCLUDE_IN_FRAMEWORK_HEADER = YES;
				CLANG_WARN_RANGE_LOOP_ANALYSIS = YES;
				CLANG_WARN_STRICT_PROTOTYPES = YES;
				CLANG_WARN_SUSPICIOUS_MOVE = YES;
				CLANG_WARN_UNGUARDED_AVAILABILITY = YES_AGGRESSIVE;
				CLANG_WARN_UNREACHABLE_CODE = YES;
				CLANG_WARN__DUPLICATE_METHOD_MATCH = YES;
				COPY_PHASE_STRIP = NO;
				DEBUG_INFORMATION_FORMAT = dwarf;
				ENABLE_STRICT_OBJC_MSGSEND = YES;
				ENABLE_TESTABILITY = YES;
				GCC_C_LANGUAGE_STANDARD = gnu11;
				GCC_DYNAMIC_NO_PIC = NO;
				GCC_NO_COMMON_BLOCKS = YES;
				GCC_OPTIMIZATION_LEVEL = 0;
				GCC_PREPROCESSOR_DEFINITIONS = (
					"DEBUG=1",
					"$(inherited)",
				);
				GCC_WARN_64_TO_32_BIT_CONVERSION = YES;
				GCC_WARN_ABOUT_RETURN_TYPE = YES_ERROR;
				GCC_WARN_UNDECLARED_SELECTOR = YES;
				GCC_WARN_UNINITIALIZED_AUTOS = YES_AGGRESSIVE;
				GCC_WARN_UNUSED_FUNCTION = YES;
				GCC_WARN_UNUSED_VARIABLE = YES;
				IPHONEOS_DEPLOYMENT_TARGET = 13.2;
				MTL_ENABLE_DEBUG_INFO = INCLUDE_SOURCE;
				MTL_FAST_MATH = YES;
				ONLY_ACTIVE_ARCH = YES;
				SDKROOT = iphoneos;
				SWIFT_ACTIVE_COMPILATION_CONDITIONS = DEBUG;
				SWIFT_OPTIMIZATION_LEVEL = "-Onone";
			};
			name = Debug;
		};
		4013117A248574EB0045F6E0 /* Release */ = {
			isa = XCBuildConfiguration;
			buildSettings = {
				ALWAYS_SEARCH_USER_PATHS = NO;
				CLANG_ANALYZER_NONNULL = YES;
				CLANG_ANALYZER_NUMBER_OBJECT_CONVERSION = YES_AGGRESSIVE;
				CLANG_CXX_LANGUAGE_STANDARD = "gnu++14";
				CLANG_CXX_LIBRARY = "libc++";
				CLANG_ENABLE_MODULES = YES;
				CLANG_ENABLE_OBJC_ARC = YES;
				CLANG_ENABLE_OBJC_WEAK = YES;
				CLANG_WARN_BLOCK_CAPTURE_AUTORELEASING = YES;
				CLANG_WARN_BOOL_CONVERSION = YES;
				CLANG_WARN_COMMA = YES;
				CLANG_WARN_CONSTANT_CONVERSION = YES;
				CLANG_WARN_DEPRECATED_OBJC_IMPLEMENTATIONS = YES;
				CLANG_WARN_DIRECT_OBJC_ISA_USAGE = YES_ERROR;
				CLANG_WARN_DOCUMENTATION_COMMENTS = YES;
				CLANG_WARN_EMPTY_BODY = YES;
				CLANG_WARN_ENUM_CONVERSION = YES;
				CLANG_WARN_INFINITE_RECURSION = YES;
				CLANG_WARN_INT_CONVERSION = YES;
				CLANG_WARN_NON_LITERAL_NULL_CONVERSION = YES;
				CLANG_WARN_OBJC_IMPLICIT_RETAIN_SELF = YES;
				CLANG_WARN_OBJC_LITERAL_CONVERSION = YES;
				CLANG_WARN_OBJC_ROOT_CLASS = YES_ERROR;
				CLANG_WARN_QUOTED_INCLUDE_IN_FRAMEWORK_HEADER = YES;
				CLANG_WARN_RANGE_LOOP_ANALYSIS = YES;
				CLANG_WARN_STRICT_PROTOTYPES = YES;
				CLANG_WARN_SUSPICIOUS_MOVE = YES;
				CLANG_WARN_UNGUARDED_AVAILABILITY = YES_AGGRESSIVE;
				CLANG_WARN_UNREACHABLE_CODE = YES;
				CLANG_WARN__DUPLICATE_METHOD_MATCH = YES;
				COPY_PHASE_STRIP = NO;
				DEBUG_INFORMATION_FORMAT = "dwarf-with-dsym";
				ENABLE_NS_ASSERTIONS = NO;
				ENABLE_STRICT_OBJC_MSGSEND = YES;
				GCC_C_LANGUAGE_STANDARD = gnu11;
				GCC_NO_COMMON_BLOCKS = YES;
				GCC_WARN_64_TO_32_BIT_CONVERSION = YES;
				GCC_WARN_ABOUT_RETURN_TYPE = YES_ERROR;
				GCC_WARN_UNDECLARED_SELECTOR = YES;
				GCC_WARN_UNINITIALIZED_AUTOS = YES_AGGRESSIVE;
				GCC_WARN_UNUSED_FUNCTION = YES;
				GCC_WARN_UNUSED_VARIABLE = YES;
				IPHONEOS_DEPLOYMENT_TARGET = 13.2;
				MTL_ENABLE_DEBUG_INFO = NO;
				MTL_FAST_MATH = YES;
				SDKROOT = iphoneos;
				SWIFT_COMPILATION_MODE = wholemodule;
				SWIFT_OPTIMIZATION_LEVEL = "-O";
				VALIDATE_PRODUCT = YES;
			};
			name = Release;
		};
		4013117C248574EB0045F6E0 /* Debug */ = {
			isa = XCBuildConfiguration;
			baseConfigurationReference = DB2247573468B4D20DF5AB42 /* Pods-CouchbaseMobile01.debug.xcconfig */;
			buildSettings = {
				ASSETCATALOG_COMPILER_APPICON_NAME = AppIcon;
				CODE_SIGN_STYLE = Automatic;
				DEVELOPMENT_TEAM = 7XLTYNXQB5;
				FRAMEWORK_SEARCH_PATHS = (
					"$(inherited)",
					"$(PROJECT_DIR)",
				);
				INFOPLIST_FILE = CouchbaseMobile01/Info.plist;
				LD_RUNPATH_SEARCH_PATHS = (
					"$(inherited)",
					"@executable_path/Frameworks",
				);
				PRODUCT_BUNDLE_IDENTIFIER = com.level42sw.CBMobileDemo01;
				PRODUCT_NAME = CBLiteDemo;
				SWIFT_VERSION = 5.0;
				TARGETED_DEVICE_FAMILY = 2;
				VALIDATE_WORKSPACE = YES;
			};
			name = Debug;
		};
		4013117D248574EB0045F6E0 /* Release */ = {
			isa = XCBuildConfiguration;
			baseConfigurationReference = 8F5ED089492A2C5E44063DD6 /* Pods-CouchbaseMobile01.release.xcconfig */;
			buildSettings = {
				ASSETCATALOG_COMPILER_APPICON_NAME = AppIcon;
				CODE_SIGN_STYLE = Automatic;
				DEVELOPMENT_TEAM = 7XLTYNXQB5;
				FRAMEWORK_SEARCH_PATHS = (
					"$(inherited)",
					"$(PROJECT_DIR)",
				);
				INFOPLIST_FILE = CouchbaseMobile01/Info.plist;
				LD_RUNPATH_SEARCH_PATHS = (
					"$(inherited)",
					"@executable_path/Frameworks",
				);
				PRODUCT_BUNDLE_IDENTIFIER = com.level42sw.CBMobileDemo01;
				PRODUCT_NAME = CBLiteDemo;
				SWIFT_VERSION = 5.0;
				TARGETED_DEVICE_FAMILY = 2;
				VALIDATE_WORKSPACE = YES;
			};
			name = Release;
		};
/* End XCBuildConfiguration section */

/* Begin XCConfigurationList section */
		40131162248574EA0045F6E0 /* Build configuration list for PBXProject "CouchbaseMobile01" */ = {
			isa = XCConfigurationList;
			buildConfigurations = (
				40131179248574EB0045F6E0 /* Debug */,
				4013117A248574EB0045F6E0 /* Release */,
			);
			defaultConfigurationIsVisible = 0;
			defaultConfigurationName = Release;
		};
		4013117B248574EB0045F6E0 /* Build configuration list for PBXNativeTarget "CouchbaseMobile01" */ = {
			isa = XCConfigurationList;
			buildConfigurations = (
				4013117C248574EB0045F6E0 /* Debug */,
				4013117D248574EB0045F6E0 /* Release */,
			);
			defaultConfigurationIsVisible = 0;
			defaultConfigurationName = Release;
		};
/* End XCConfigurationList section */
	};
	rootObject = 4013115F248574EA0045F6E0 /* Project object */;
}
